// !$*UTF8*$!
{
	archiveVersion = 1;
	classes = {
	};
	objectVersion = 46;
	objects = {

/* Begin PBXBuildFile section */
		9699D0E91C0A5DC600153826 /* bitmap.c in Sources */ = {isa = PBXBuildFile; fileRef = 9699D0D31C0A5DC600153826 /* bitmap.c */; };
		9699D0EA1C0A5DC600153826 /* buffer_mgr_stat.c in Sources */ = {isa = PBXBuildFile; fileRef = 9699D0D51C0A5DC600153826 /* buffer_mgr_stat.c */; };
		9699D0EB1C0A5DC600153826 /* buffer_mgr.c in Sources */ = {isa = PBXBuildFile; fileRef = 9699D0D71C0A5DC600153826 /* buffer_mgr.c */; };
		9699D0EC1C0A5DC600153826 /* dberror.c in Sources */ = {isa = PBXBuildFile; fileRef = 9699D0D91C0A5DC600153826 /* dberror.c */; };
		9699D0ED1C0A5DC600153826 /* expr.c in Sources */ = {isa = PBXBuildFile; fileRef = 9699D0DC1C0A5DC600153826 /* expr.c */; };
		9699D0EE1C0A5DC600153826 /* page_table.c in Sources */ = {isa = PBXBuildFile; fileRef = 9699D0DE1C0A5DC600153826 /* page_table.c */; };
		9699D0EF1C0A5DC600153826 /* record_mgr.c in Sources */ = {isa = PBXBuildFile; fileRef = 9699D0E01C0A5DC600153826 /* record_mgr.c */; };
		9699D0F01C0A5DC600153826 /* rm_serializer.c in Sources */ = {isa = PBXBuildFile; fileRef = 9699D0E21C0A5DC600153826 /* rm_serializer.c */; };
		9699D0F11C0A5DC600153826 /* storage_mgr.c in Sources */ = {isa = PBXBuildFile; fileRef = 9699D0E31C0A5DC600153826 /* storage_mgr.c */; };
		9699D0F21C0A5DC600153826 /* test_assign4_1.c in Sources */ = {isa = PBXBuildFile; fileRef = 9699D0E61C0A5DC600153826 /* test_assign4_1.c */; };
		9699D0F31C0A5DC600153826 /* test_expr.c in Sources */ = {isa = PBXBuildFile; fileRef = 9699D0E71C0A5DC600153826 /* test_expr.c */; };
		9699D0F51C0A63CE00153826 /* btree_mgr.c in Sources */ = {isa = PBXBuildFile; fileRef = 9699D0F41C0A63CE00153826 /* btree_mgr.c */; };
/* End PBXBuildFile section */

/* Begin PBXCopyFilesBuildPhase section */
		9699D0C71C0A5D0600153826 /* CopyFiles */ = {
			isa = PBXCopyFilesBuildPhase;
			buildActionMask = 2147483647;
			dstPath = /usr/share/man/man1/;
			dstSubfolderSpec = 0;
			files = (
			);
			runOnlyForDeploymentPostprocessing = 1;
		};
/* End PBXCopyFilesBuildPhase section */

/* Begin PBXFileReference section */
		9699D0C91C0A5D0600153826 /* Assign#04 */ = {isa = PBXFileReference; explicitFileType = "compiled.mach-o.executable"; includeInIndex = 0; path = "Assign#04"; sourceTree = BUILT_PRODUCTS_DIR; };
		9699D0D31C0A5DC600153826 /* bitmap.c */ = {isa = PBXFileReference; fileEncoding = 4; lastKnownFileType = sourcecode.c.c; path = bitmap.c; sourceTree = "<group>"; };
		9699D0D41C0A5DC600153826 /* btree_mgr.h */ = {isa = PBXFileReference; fileEncoding = 4; lastKnownFileType = sourcecode.c.h; path = btree_mgr.h; sourceTree = "<group>"; };
		9699D0D51C0A5DC600153826 /* buffer_mgr_stat.c */ = {isa = PBXFileReference; fileEncoding = 4; lastKnownFileType = sourcecode.c.c; path = buffer_mgr_stat.c; sourceTree = "<group>"; };
		9699D0D61C0A5DC600153826 /* buffer_mgr_stat.h */ = {isa = PBXFileReference; fileEncoding = 4; lastKnownFileType = sourcecode.c.h; path = buffer_mgr_stat.h; sourceTree = "<group>"; };
		9699D0D71C0A5DC600153826 /* buffer_mgr.c */ = {isa = PBXFileReference; fileEncoding = 4; lastKnownFileType = sourcecode.c.c; path = buffer_mgr.c; sourceTree = "<group>"; };
		9699D0D81C0A5DC600153826 /* buffer_mgr.h */ = {isa = PBXFileReference; fileEncoding = 4; lastKnownFileType = sourcecode.c.h; path = buffer_mgr.h; sourceTree = "<group>"; };
		9699D0D91C0A5DC600153826 /* dberror.c */ = {isa = PBXFileReference; fileEncoding = 4; lastKnownFileType = sourcecode.c.c; path = dberror.c; sourceTree = "<group>"; };
		9699D0DA1C0A5DC600153826 /* dberror.h */ = {isa = PBXFileReference; fileEncoding = 4; lastKnownFileType = sourcecode.c.h; path = dberror.h; sourceTree = "<group>"; };
		9699D0DB1C0A5DC600153826 /* dt.h */ = {isa = PBXFileReference; fileEncoding = 4; lastKnownFileType = sourcecode.c.h; path = dt.h; sourceTree = "<group>"; };
		9699D0DC1C0A5DC600153826 /* expr.c */ = {isa = PBXFileReference; fileEncoding = 4; lastKnownFileType = sourcecode.c.c; path = expr.c; sourceTree = "<group>"; };
		9699D0DD1C0A5DC600153826 /* expr.h */ = {isa = PBXFileReference; fileEncoding = 4; lastKnownFileType = sourcecode.c.h; path = expr.h; sourceTree = "<group>"; };
		9699D0DE1C0A5DC600153826 /* page_table.c */ = {isa = PBXFileReference; fileEncoding = 4; lastKnownFileType = sourcecode.c.c; path = page_table.c; sourceTree = "<group>"; };
		9699D0DF1C0A5DC600153826 /* page_table.h */ = {isa = PBXFileReference; fileEncoding = 4; lastKnownFileType = sourcecode.c.h; path = page_table.h; sourceTree = "<group>"; };
		9699D0E01C0A5DC600153826 /* record_mgr.c */ = {isa = PBXFileReference; fileEncoding = 4; lastKnownFileType = sourcecode.c.c; path = record_mgr.c; sourceTree = "<group>"; };
		9699D0E11C0A5DC600153826 /* record_mgr.h */ = {isa = PBXFileReference; fileEncoding = 4; lastKnownFileType = sourcecode.c.h; path = record_mgr.h; sourceTree = "<group>"; };
		9699D0E21C0A5DC600153826 /* rm_serializer.c */ = {isa = PBXFileReference; fileEncoding = 4; lastKnownFileType = sourcecode.c.c; path = rm_serializer.c; sourceTree = "<group>"; };
		9699D0E31C0A5DC600153826 /* storage_mgr.c */ = {isa = PBXFileReference; fileEncoding = 4; lastKnownFileType = sourcecode.c.c; path = storage_mgr.c; sourceTree = "<group>"; };
		9699D0E41C0A5DC600153826 /* storage_mgr.h */ = {isa = PBXFileReference; fileEncoding = 4; lastKnownFileType = sourcecode.c.h; path = storage_mgr.h; sourceTree = "<group>"; };
		9699D0E51C0A5DC600153826 /* tables.h */ = {isa = PBXFileReference; fileEncoding = 4; lastKnownFileType = sourcecode.c.h; path = tables.h; sourceTree = "<group>"; };
		9699D0E61C0A5DC600153826 /* test_assign4_1.c */ = {isa = PBXFileReference; fileEncoding = 4; lastKnownFileType = sourcecode.c.c; path = test_assign4_1.c; sourceTree = "<group>"; };
		9699D0E71C0A5DC600153826 /* test_expr.c */ = {isa = PBXFileReference; fileEncoding = 4; lastKnownFileType = sourcecode.c.c; path = test_expr.c; sourceTree = "<group>"; };
		9699D0E81C0A5DC600153826 /* test_helper.h */ = {isa = PBXFileReference; fileEncoding = 4; lastKnownFileType = sourcecode.c.h; path = test_helper.h; sourceTree = "<group>"; };
		9699D0F41C0A63CE00153826 /* btree_mgr.c */ = {isa = PBXFileReference; fileEncoding = 4; lastKnownFileType = sourcecode.c.c; path = btree_mgr.c; sourceTree = "<group>"; };
/* End PBXFileReference section */

/* Begin PBXFrameworksBuildPhase section */
		9699D0C61C0A5D0600153826 /* Frameworks */ = {
			isa = PBXFrameworksBuildPhase;
			buildActionMask = 2147483647;
			files = (
			);
			runOnlyForDeploymentPostprocessing = 0;
		};
/* End PBXFrameworksBuildPhase section */

/* Begin PBXGroup section */
		9699D0C01C0A5D0600153826 = {
			isa = PBXGroup;
			children = (
				9699D0CB1C0A5D0600153826 /* Assign#04 */,
				9699D0CA1C0A5D0600153826 /* Products */,
			);
			sourceTree = "<group>";
		};
		9699D0CA1C0A5D0600153826 /* Products */ = {
			isa = PBXGroup;
			children = (
				9699D0C91C0A5D0600153826 /* Assign#04 */,
			);
			name = Products;
			sourceTree = "<group>";
		};
		9699D0CB1C0A5D0600153826 /* Assign#04 */ = {
			isa = PBXGroup;
			children = (
				9699D0F41C0A63CE00153826 /* btree_mgr.c */,
				9699D0D41C0A5DC600153826 /* btree_mgr.h */,
				9699D0D51C0A5DC600153826 /* buffer_mgr_stat.c */,
				9699D0D61C0A5DC600153826 /* buffer_mgr_stat.h */,
				9699D0D71C0A5DC600153826 /* buffer_mgr.c */,
				9699D0D81C0A5DC600153826 /* buffer_mgr.h */,
				9699D0D91C0A5DC600153826 /* dberror.c */,
				9699D0DA1C0A5DC600153826 /* dberror.h */,
				9699D0DB1C0A5DC600153826 /* dt.h */,
				9699D0DC1C0A5DC600153826 /* expr.c */,
				9699D0DD1C0A5DC600153826 /* expr.h */,
				9699D0DE1C0A5DC600153826 /* page_table.c */,
				9699D0DF1C0A5DC600153826 /* page_table.h */,
				9699D0E01C0A5DC600153826 /* record_mgr.c */,
				9699D0E11C0A5DC600153826 /* record_mgr.h */,
				9699D0E21C0A5DC600153826 /* rm_serializer.c */,
				9699D0E31C0A5DC600153826 /* storage_mgr.c */,
				9699D0E41C0A5DC600153826 /* storage_mgr.h */,
				9699D0E51C0A5DC600153826 /* tables.h */,
				9699D0E61C0A5DC600153826 /* test_assign4_1.c */,
				9699D0E71C0A5DC600153826 /* test_expr.c */,
				9699D0E81C0A5DC600153826 /* test_helper.h */,
				9699D0D31C0A5DC600153826 /* bitmap.c */,
			);
			path = "Assign#04";
			sourceTree = "<group>";
		};
/* End PBXGroup section */

/* Begin PBXNativeTarget section */
		9699D0C81C0A5D0600153826 /* Assign#04 */ = {
			isa = PBXNativeTarget;
			buildConfigurationList = 9699D0D01C0A5D0600153826 /* Build configuration list for PBXNativeTarget "Assign#04" */;
			buildPhases = (
				9699D0C51C0A5D0600153826 /* Sources */,
				9699D0C61C0A5D0600153826 /* Frameworks */,
				9699D0C71C0A5D0600153826 /* CopyFiles */,
			);
			buildRules = (
			);
			dependencies = (
			);
			name = "Assign#04";
			productName = "Assign#04";
			productReference = 9699D0C91C0A5D0600153826 /* Assign#04 */;
			productType = "com.apple.product-type.tool";
		};
/* End PBXNativeTarget section */

/* Begin PBXProject section */
		9699D0C11C0A5D0600153826 /* Project object */ = {
			isa = PBXProject;
			attributes = {
				LastUpgradeCheck = 0710;
				ORGANIZATIONNAME = "raghuveer vemuri";
				TargetAttributes = {
					9699D0C81C0A5D0600153826 = {
						CreatedOnToolsVersion = 7.1.1;
					};
				};
			};
			buildConfigurationList = 9699D0C41C0A5D0600153826 /* Build configuration list for PBXProject "Assign#04" */;
			compatibilityVersion = "Xcode 3.2";
			developmentRegion = English;
			hasScannedForEncodings = 0;
			knownRegions = (
				en,
			);
			mainGroup = 9699D0C01C0A5D0600153826;
			productRefGroup = 9699D0CA1C0A5D0600153826 /* Products */;
			projectDirPath = "";
			projectRoot = "";
			targets = (
				9699D0C81C0A5D0600153826 /* Assign#04 */,
			);
		};
/* End PBXProject section */

/* Begin PBXSourcesBuildPhase section */
		9699D0C51C0A5D0600153826 /* Sources */ = {
			isa = PBXSourcesBuildPhase;
			buildActionMask = 2147483647;
			files = (
				9699D0EB1C0A5DC600153826 /* buffer_mgr.c in Sources */,
				9699D0F01C0A5DC600153826 /* rm_serializer.c in Sources */,
				9699D0F31C0A5DC600153826 /* test_expr.c in Sources */,
				9699D0EF1C0A5DC600153826 /* record_mgr.c in Sources */,
				9699D0F21C0A5DC600153826 /* test_assign4_1.c in Sources */,
				9699D0E91C0A5DC600153826 /* bitmap.c in Sources */,
				9699D0F11C0A5DC600153826 /* storage_mgr.c in Sources */,
				9699D0F51C0A63CE00153826 /* btree_mgr.c in Sources */,
				9699D0EC1C0A5DC600153826 /* dberror.c in Sources */,
				9699D0EA1C0A5DC600153826 /* buffer_mgr_stat.c in Sources */,
				9699D0ED1C0A5DC600153826 /* expr.c in Sources */,
				9699D0EE1C0A5DC600153826 /* page_table.c in Sources */,
			);
			runOnlyForDeploymentPostprocessing = 0;
		};
/* End PBXSourcesBuildPhase section */

/* Begin XCBuildConfiguration section */
		9699D0CE1C0A5D0600153826 /* Debug */ = {
			isa = XCBuildConfiguration;
			buildSettings = {
				ALWAYS_SEARCH_USER_PATHS = NO;
				CLANG_CXX_LANGUAGE_STANDARD = "gnu++0x";
				CLANG_CXX_LIBRARY = "libc++";
				CLANG_ENABLE_MODULES = YES;
				CLANG_ENABLE_OBJC_ARC = YES;
				CLANG_WARN_BOOL_CONVERSION = YES;
				CLANG_WARN_CONSTANT_CONVERSION = YES;
				CLANG_WARN_DIRECT_OBJC_ISA_USAGE = YES_ERROR;
				CLANG_WARN_EMPTY_BODY = YES;
				CLANG_WARN_ENUM_CONVERSION = YES;
				CLANG_WARN_INT_CONVERSION = YES;
				CLANG_WARN_OBJC_ROOT_CLASS = YES_ERROR;
				CLANG_WARN_UNREACHABLE_CODE = YES;
				CLANG_WARN__DUPLICATE_METHOD_MATCH = YES;
				CODE_SIGN_IDENTITY = "-";
				COPY_PHASE_STRIP = NO;
				DEBUG_INFORMATION_FORMAT = dwarf;
				ENABLE_STRICT_OBJC_MSGSEND = YES;
				ENABLE_TESTABILITY = YES;
				GCC_C_LANGUAGE_STANDARD = gnu99;
				GCC_DYNAMIC_NO_PIC = NO;
				GCC_NO_COMMON_BLOCKS = YES;
				GCC_OPTIMIZATION_LEVEL = 0;
				GCC_PREPROCESSOR_DEFINITIONS = (
					"DEBUG=1",
					"$(inherited)",
				);
				GCC_WARN_64_TO_32_BIT_CONVERSION = YES;
				GCC_WARN_ABOUT_RETURN_TYPE = YES_ERROR;
				GCC_WARN_UNDECLARED_SELECTOR = YES;
				GCC_WARN_UNINITIALIZED_AUTOS = YES_AGGRESSIVE;
				GCC_WARN_UNUSED_FUNCTION = YES;
				GCC_WARN_UNUSED_VARIABLE = YES;
				MACOSX_DEPLOYMENT_TARGET = 10.11;
				MTL_ENABLE_DEBUG_INFO = YES;
				ONLY_ACTIVE_ARCH = YES;
				SDKROOT = macosx;
			};
			name = Debug;
		};
		9699D0CF1C0A5D0600153826 /* Release */ = {
			isa = XCBuildConfiguration;
			buildSettings = {
				ALWAYS_SEARCH_USER_PATHS = NO;
				CLANG_CXX_LANGUAGE_STANDARD = "gnu++0x";
				CLANG_CXX_LIBRARY = "libc++";
				CLANG_ENABLE_MODULES = YES;
				CLANG_ENABLE_OBJC_ARC = YES;
				CLANG_WARN_BOOL_CONVERSION = YES;
				CLANG_WARN_CONSTANT_CONVERSION = YES;
				CLANG_WARN_DIRECT_OBJC_ISA_USAGE = YES_ERROR;
				CLANG_WARN_EMPTY_BODY = YES;
				CLANG_WARN_ENUM_CONVERSION = YES;
				CLANG_WARN_INT_CONVERSION = YES;
				CLANG_WARN_OBJC_ROOT_CLASS = YES_ERROR;
				CLANG_WARN_UNREACHABLE_CODE = YES;
				CLANG_WARN__DUPLICATE_METHOD_MATCH = YES;
				CODE_SIGN_IDENTITY = "-";
				COPY_PHASE_STRIP = NO;
				DEBUG_INFORMATION_FORMAT = "dwarf-with-dsym";
				ENABLE_NS_ASSERTIONS = NO;
				ENABLE_STRICT_OBJC_MSGSEND = YES;
				GCC_C_LANGUAGE_STANDARD = gnu99;
				GCC_NO_COMMON_BLOCKS = YES;
				GCC_WARN_64_TO_32_BIT_CONVERSION = YES;
				GCC_WARN_ABOUT_RETURN_TYPE = YES_ERROR;
				GCC_WARN_UNDECLARED_SELECTOR = YES;
				GCC_WARN_UNINITIALIZED_AUTOS = YES_AGGRESSIVE;
				GCC_WARN_UNUSED_FUNCTION = YES;
				GCC_WARN_UNUSED_VARIABLE = YES;
				MACOSX_DEPLOYMENT_TARGET = 10.11;
				MTL_ENABLE_DEBUG_INFO = NO;
				SDKROOT = macosx;
			};
			name = Release;
		};
		9699D0D11C0A5D0600153826 /* Debug */ = {
			isa = XCBuildConfiguration;
			buildSettings = {
				PRODUCT_NAME = "$(TARGET_NAME)";
			};
			name = Debug;
		};
		9699D0D21C0A5D0600153826 /* Release */ = {
			isa = XCBuildConfiguration;
			buildSettings = {
				PRODUCT_NAME = "$(TARGET_NAME)";
			};
			name = Release;
		};
/* End XCBuildConfiguration section */

/* Begin XCConfigurationList section */
		9699D0C41C0A5D0600153826 /* Build configuration list for PBXProject "Assign#04" */ = {
			isa = XCConfigurationList;
			buildConfigurations = (
				9699D0CE1C0A5D0600153826 /* Debug */,
				9699D0CF1C0A5D0600153826 /* Release */,
			);
			defaultConfigurationIsVisible = 0;
			defaultConfigurationName = Release;
		};
		9699D0D01C0A5D0600153826 /* Build configuration list for PBXNativeTarget "Assign#04" */ = {
			isa = XCConfigurationList;
			buildConfigurations = (
				9699D0D11C0A5D0600153826 /* Debug */,
				9699D0D21C0A5D0600153826 /* Release */,
			);
			defaultConfigurationIsVisible = 0;
		};
/* End XCConfigurationList section */
	};
	rootObject = 9699D0C11C0A5D0600153826 /* Project object */;
}
