// !$*UTF8*$!
{
	archiveVersion = 1;
	classes = {
	};
	objectVersion = 46;
	objects = {

/* Begin PBXBuildFile section */
		96E4EC261C1A4E7C00600170 /* joinImplementation.c in Sources */ = {isa = PBXBuildFile; fileRef = 96E4EC251C1A4E7C00600170 /* joinImplementation.c */; };
		96FEE84E1BDC21C80082B6DA /* buffer_mgr_stat.c in Sources */ = {isa = PBXBuildFile; fileRef = 96FEE83B1BDC21C80082B6DA /* buffer_mgr_stat.c */; };
		96FEE84F1BDC21C80082B6DA /* buffer_mgr.c in Sources */ = {isa = PBXBuildFile; fileRef = 96FEE83D1BDC21C80082B6DA /* buffer_mgr.c */; };
		96FEE8501BDC21C80082B6DA /* dberror.c in Sources */ = {isa = PBXBuildFile; fileRef = 96FEE83F1BDC21C80082B6DA /* dberror.c */; };
		96FEE8511BDC21C80082B6DA /* expr.c in Sources */ = {isa = PBXBuildFile; fileRef = 96FEE8421BDC21C80082B6DA /* expr.c */; };
		96FEE8521BDC21C80082B6DA /* page_table.c in Sources */ = {isa = PBXBuildFile; fileRef = 96FEE8441BDC21C80082B6DA /* page_table.c */; };
		96FEE8531BDC21C80082B6DA /* rm_serializer.c in Sources */ = {isa = PBXBuildFile; fileRef = 96FEE8471BDC21C80082B6DA /* rm_serializer.c */; };
		96FEE8541BDC21C80082B6DA /* storage_mgr.c in Sources */ = {isa = PBXBuildFile; fileRef = 96FEE8481BDC21C80082B6DA /* storage_mgr.c */; };
		96FEE8551BDC21C80082B6DA /* test_assign3_1.c in Sources */ = {isa = PBXBuildFile; fileRef = 96FEE84B1BDC21C80082B6DA /* test_assign3_1.c */; };
		96FEE8561BDC21C80082B6DA /* test_expr.c in Sources */ = {isa = PBXBuildFile; fileRef = 96FEE84C1BDC21C80082B6DA /* test_expr.c */; };
		96FEE85A1BE3F9780082B6DA /* record_mgr.c in Sources */ = {isa = PBXBuildFile; fileRef = 96FEE8591BE3F9780082B6DA /* record_mgr.c */; };
		96FEE85D1BE3FFD10082B6DA /* bitmap.c in Sources */ = {isa = PBXBuildFile; fileRef = 96FEE85B1BE3FFD10082B6DA /* bitmap.c */; };
/* End PBXBuildFile section */

/* Begin PBXCopyFilesBuildPhase section */
		96FEE8111BDC20670082B6DA /* CopyFiles */ = {
			isa = PBXCopyFilesBuildPhase;
			buildActionMask = 2147483647;
			dstPath = /usr/share/man/man1/;
			dstSubfolderSpec = 0;
			files = (
			);
			runOnlyForDeploymentPostprocessing = 1;
		};
/* End PBXCopyFilesBuildPhase section */

/* Begin PBXFileReference section */
		96E4EC251C1A4E7C00600170 /* joinImplementation.c */ = {isa = PBXFileReference; fileEncoding = 4; lastKnownFileType = sourcecode.c.c; path = joinImplementation.c; sourceTree = "<group>"; };
		96FEE8131BDC20670082B6DA /* Assign#03 */ = {isa = PBXFileReference; explicitFileType = "compiled.mach-o.executable"; includeInIndex = 0; path = "Assign#03"; sourceTree = BUILT_PRODUCTS_DIR; };
		96FEE83B1BDC21C80082B6DA /* buffer_mgr_stat.c */ = {isa = PBXFileReference; fileEncoding = 4; lastKnownFileType = sourcecode.c.c; path = buffer_mgr_stat.c; sourceTree = "<group>"; };
		96FEE83C1BDC21C80082B6DA /* buffer_mgr_stat.h */ = {isa = PBXFileReference; fileEncoding = 4; lastKnownFileType = sourcecode.c.h; path = buffer_mgr_stat.h; sourceTree = "<group>"; };
		96FEE83D1BDC21C80082B6DA /* buffer_mgr.c */ = {isa = PBXFileReference; fileEncoding = 4; lastKnownFileType = sourcecode.c.c; path = buffer_mgr.c; sourceTree = "<group>"; };
		96FEE83E1BDC21C80082B6DA /* buffer_mgr.h */ = {isa = PBXFileReference; fileEncoding = 4; lastKnownFileType = sourcecode.c.h; path = buffer_mgr.h; sourceTree = "<group>"; };
		96FEE83F1BDC21C80082B6DA /* dberror.c */ = {isa = PBXFileReference; fileEncoding = 4; lastKnownFileType = sourcecode.c.c; path = dberror.c; sourceTree = "<group>"; };
		96FEE8401BDC21C80082B6DA /* dberror.h */ = {isa = PBXFileReference; fileEncoding = 4; lastKnownFileType = sourcecode.c.h; path = dberror.h; sourceTree = "<group>"; };
		96FEE8411BDC21C80082B6DA /* dt.h */ = {isa = PBXFileReference; fileEncoding = 4; lastKnownFileType = sourcecode.c.h; path = dt.h; sourceTree = "<group>"; };
		96FEE8421BDC21C80082B6DA /* expr.c */ = {isa = PBXFileReference; fileEncoding = 4; lastKnownFileType = sourcecode.c.c; path = expr.c; sourceTree = "<group>"; };
		96FEE8431BDC21C80082B6DA /* expr.h */ = {isa = PBXFileReference; fileEncoding = 4; lastKnownFileType = sourcecode.c.h; path = expr.h; sourceTree = "<group>"; };
		96FEE8441BDC21C80082B6DA /* page_table.c */ = {isa = PBXFileReference; fileEncoding = 4; lastKnownFileType = sourcecode.c.c; path = page_table.c; sourceTree = "<group>"; };
		96FEE8451BDC21C80082B6DA /* page_table.h */ = {isa = PBXFileReference; fileEncoding = 4; lastKnownFileType = sourcecode.c.h; path = page_table.h; sourceTree = "<group>"; };
		96FEE8461BDC21C80082B6DA /* record_mgr.h */ = {isa = PBXFileReference; fileEncoding = 4; lastKnownFileType = sourcecode.c.h; path = record_mgr.h; sourceTree = "<group>"; };
		96FEE8471BDC21C80082B6DA /* rm_serializer.c */ = {isa = PBXFileReference; fileEncoding = 4; lastKnownFileType = sourcecode.c.c; path = rm_serializer.c; sourceTree = "<group>"; };
		96FEE8481BDC21C80082B6DA /* storage_mgr.c */ = {isa = PBXFileReference; fileEncoding = 4; lastKnownFileType = sourcecode.c.c; path = storage_mgr.c; sourceTree = "<group>"; };
		96FEE8491BDC21C80082B6DA /* storage_mgr.h */ = {isa = PBXFileReference; fileEncoding = 4; lastKnownFileType = sourcecode.c.h; path = storage_mgr.h; sourceTree = "<group>"; };
		96FEE84A1BDC21C80082B6DA /* tables.h */ = {isa = PBXFileReference; fileEncoding = 4; lastKnownFileType = sourcecode.c.h; path = tables.h; sourceTree = "<group>"; };
		96FEE84B1BDC21C80082B6DA /* test_assign3_1.c */ = {isa = PBXFileReference; fileEncoding = 4; lastKnownFileType = sourcecode.c.c; path = test_assign3_1.c; sourceTree = "<group>"; };
		96FEE84C1BDC21C80082B6DA /* test_expr.c */ = {isa = PBXFileReference; fileEncoding = 4; lastKnownFileType = sourcecode.c.c; path = test_expr.c; sourceTree = "<group>"; };
		96FEE84D1BDC21C80082B6DA /* test_helper.h */ = {isa = PBXFileReference; fileEncoding = 4; lastKnownFileType = sourcecode.c.h; path = test_helper.h; sourceTree = "<group>"; };
		96FEE8591BE3F9780082B6DA /* record_mgr.c */ = {isa = PBXFileReference; fileEncoding = 4; lastKnownFileType = sourcecode.c.c; path = record_mgr.c; sourceTree = "<group>"; };
		96FEE85B1BE3FFD10082B6DA /* bitmap.c */ = {isa = PBXFileReference; fileEncoding = 4; lastKnownFileType = sourcecode.c.c; path = bitmap.c; sourceTree = "<group>"; };
/* End PBXFileReference section */

/* Begin PBXFrameworksBuildPhase section */
		96FEE8101BDC20670082B6DA /* Frameworks */ = {
			isa = PBXFrameworksBuildPhase;
			buildActionMask = 2147483647;
			files = (
			);
			runOnlyForDeploymentPostprocessing = 0;
		};
/* End PBXFrameworksBuildPhase section */

/* Begin PBXGroup section */
		96FEE80A1BDC20670082B6DA = {
			isa = PBXGroup;
			children = (
				96FEE8151BDC20670082B6DA /* Assign#03 */,
				96FEE8141BDC20670082B6DA /* Products */,
			);
			sourceTree = "<group>";
		};
		96FEE8141BDC20670082B6DA /* Products */ = {
			isa = PBXGroup;
			children = (
				96FEE8131BDC20670082B6DA /* Assign#03 */,
			);
			name = Products;
			sourceTree = "<group>";
		};
		96FEE8151BDC20670082B6DA /* Assign#03 */ = {
			isa = PBXGroup;
			children = (
				96FEE83B1BDC21C80082B6DA /* buffer_mgr_stat.c */,
				96FEE83C1BDC21C80082B6DA /* buffer_mgr_stat.h */,
				96FEE83D1BDC21C80082B6DA /* buffer_mgr.c */,
				96FEE83E1BDC21C80082B6DA /* buffer_mgr.h */,
				96FEE83F1BDC21C80082B6DA /* dberror.c */,
				96FEE8401BDC21C80082B6DA /* dberror.h */,
				96FEE8411BDC21C80082B6DA /* dt.h */,
				96FEE8421BDC21C80082B6DA /* expr.c */,
				96FEE8431BDC21C80082B6DA /* expr.h */,
				96FEE8441BDC21C80082B6DA /* page_table.c */,
				96FEE8451BDC21C80082B6DA /* page_table.h */,
				96FEE8461BDC21C80082B6DA /* record_mgr.h */,
				96FEE8471BDC21C80082B6DA /* rm_serializer.c */,
				96FEE8481BDC21C80082B6DA /* storage_mgr.c */,
				96FEE8491BDC21C80082B6DA /* storage_mgr.h */,
				96FEE84A1BDC21C80082B6DA /* tables.h */,
				96FEE84B1BDC21C80082B6DA /* test_assign3_1.c */,
				96FEE84C1BDC21C80082B6DA /* test_expr.c */,
				96FEE84D1BDC21C80082B6DA /* test_helper.h */,
				96FEE8591BE3F9780082B6DA /* record_mgr.c */,
				96FEE85B1BE3FFD10082B6DA /* bitmap.c */,
				96E4EC251C1A4E7C00600170 /* joinImplementation.c */,
			);
			path = "Assign#03";
			sourceTree = "<group>";
		};
/* End PBXGroup section */

/* Begin PBXNativeTarget section */
		96FEE8121BDC20670082B6DA /* Assign#03 */ = {
			isa = PBXNativeTarget;
			buildConfigurationList = 96FEE81A1BDC20670082B6DA /* Build configuration list for PBXNativeTarget "Assign#03" */;
			buildPhases = (
				96FEE80F1BDC20670082B6DA /* Sources */,
				96FEE8101BDC20670082B6DA /* Frameworks */,
				96FEE8111BDC20670082B6DA /* CopyFiles */,
			);
			buildRules = (
			);
			dependencies = (
			);
			name = "Assign#03";
			productName = "Assign#03";
			productReference = 96FEE8131BDC20670082B6DA /* Assign#03 */;
			productType = "com.apple.product-type.tool";
		};
/* End PBXNativeTarget section */

/* Begin PBXProject section */
		96FEE80B1BDC20670082B6DA /* Project object */ = {
			isa = PBXProject;
			attributes = {
				LastUpgradeCheck = 0710;
				ORGANIZATIONNAME = "raghuveer vemuri";
				TargetAttributes = {
					96FEE8121BDC20670082B6DA = {
						CreatedOnToolsVersion = 7.1;
					};
				};
			};
			buildConfigurationList = 96FEE80E1BDC20670082B6DA /* Build configuration list for PBXProject "Assign#03" */;
			compatibilityVersion = "Xcode 3.2";
			developmentRegion = English;
			hasScannedForEncodings = 0;
			knownRegions = (
				en,
			);
			mainGroup = 96FEE80A1BDC20670082B6DA;
			productRefGroup = 96FEE8141BDC20670082B6DA /* Products */;
			projectDirPath = "";
			projectRoot = "";
			targets = (
				96FEE8121BDC20670082B6DA /* Assign#03 */,
			);
		};
/* End PBXProject section */

/* Begin PBXSourcesBuildPhase section */
		96FEE80F1BDC20670082B6DA /* Sources */ = {
			isa = PBXSourcesBuildPhase;
			buildActionMask = 2147483647;
			files = (
				96FEE85D1BE3FFD10082B6DA /* bitmap.c in Sources */,
				96FEE8551BDC21C80082B6DA /* test_assign3_1.c in Sources */,
				96FEE85A1BE3F9780082B6DA /* record_mgr.c in Sources */,
				96FEE84F1BDC21C80082B6DA /* buffer_mgr.c in Sources */,
				96FEE8501BDC21C80082B6DA /* dberror.c in Sources */,
				96FEE8511BDC21C80082B6DA /* expr.c in Sources */,
				96FEE84E1BDC21C80082B6DA /* buffer_mgr_stat.c in Sources */,
				96E4EC261C1A4E7C00600170 /* joinImplementation.c in Sources */,
				96FEE8531BDC21C80082B6DA /* rm_serializer.c in Sources */,
				96FEE8521BDC21C80082B6DA /* page_table.c in Sources */,
				96FEE8541BDC21C80082B6DA /* storage_mgr.c in Sources */,
				96FEE8561BDC21C80082B6DA /* test_expr.c in Sources */,
			);
			runOnlyForDeploymentPostprocessing = 0;
		};
/* End PBXSourcesBuildPhase section */

/* Begin XCBuildConfiguration section */
		96FEE8181BDC20670082B6DA /* Debug */ = {
			isa = XCBuildConfiguration;
			buildSettings = {
				ALWAYS_SEARCH_USER_PATHS = NO;
				CLANG_CXX_LANGUAGE_STANDARD = "gnu++0x";
				CLANG_CXX_LIBRARY = "libc++";
				CLANG_ENABLE_MODULES = YES;
				CLANG_ENABLE_OBJC_ARC = YES;
				CLANG_WARN_BOOL_CONVERSION = YES;
				CLANG_WARN_CONSTANT_CONVERSION = YES;
				CLANG_WARN_DIRECT_OBJC_ISA_USAGE = YES_ERROR;
				CLANG_WARN_EMPTY_BODY = YES;
				CLANG_WARN_ENUM_CONVERSION = YES;
				CLANG_WARN_INT_CONVERSION = YES;
				CLANG_WARN_OBJC_ROOT_CLASS = YES_ERROR;
				CLANG_WARN_UNREACHABLE_CODE = YES;
				CLANG_WARN__DUPLICATE_METHOD_MATCH = YES;
				CODE_SIGN_IDENTITY = "-";
				COPY_PHASE_STRIP = NO;
				DEBUG_INFORMATION_FORMAT = dwarf;
				ENABLE_STRICT_OBJC_MSGSEND = YES;
				ENABLE_TESTABILITY = YES;
				GCC_C_LANGUAGE_STANDARD = gnu99;
				GCC_DYNAMIC_NO_PIC = NO;
				GCC_NO_COMMON_BLOCKS = YES;
				GCC_OPTIMIZATION_LEVEL = 0;
				GCC_PREPROCESSOR_DEFINITIONS = (
					"DEBUG=1",
					"$(inherited)",
				);
				GCC_WARN_64_TO_32_BIT_CONVERSION = YES;
				GCC_WARN_ABOUT_RETURN_TYPE = YES_ERROR;
				GCC_WARN_UNDECLARED_SELECTOR = YES;
				GCC_WARN_UNINITIALIZED_AUTOS = YES_AGGRESSIVE;
				GCC_WARN_UNUSED_FUNCTION = YES;
				GCC_WARN_UNUSED_VARIABLE = YES;
				MACOSX_DEPLOYMENT_TARGET = 10.11;
				MTL_ENABLE_DEBUG_INFO = YES;
				ONLY_ACTIVE_ARCH = YES;
				SDKROOT = macosx;
			};
			name = Debug;
		};
		96FEE8191BDC20670082B6DA /* Release */ = {
			isa = XCBuildConfiguration;
			buildSettings = {
				ALWAYS_SEARCH_USER_PATHS = NO;
				CLANG_CXX_LANGUAGE_STANDARD = "gnu++0x";
				CLANG_CXX_LIBRARY = "libc++";
				CLANG_ENABLE_MODULES = YES;
				CLANG_ENABLE_OBJC_ARC = YES;
				CLANG_WARN_BOOL_CONVERSION = YES;
				CLANG_WARN_CONSTANT_CONVERSION = YES;
				CLANG_WARN_DIRECT_OBJC_ISA_USAGE = YES_ERROR;
				CLANG_WARN_EMPTY_BODY = YES;
				CLANG_WARN_ENUM_CONVERSION = YES;
				CLANG_WARN_INT_CONVERSION = YES;
				CLANG_WARN_OBJC_ROOT_CLASS = YES_ERROR;
				CLANG_WARN_UNREACHABLE_CODE = YES;
				CLANG_WARN__DUPLICATE_METHOD_MATCH = YES;
				CODE_SIGN_IDENTITY = "-";
				COPY_PHASE_STRIP = NO;
				DEBUG_INFORMATION_FORMAT = "dwarf-with-dsym";
				ENABLE_NS_ASSERTIONS = NO;
				ENABLE_STRICT_OBJC_MSGSEND = YES;
				GCC_C_LANGUAGE_STANDARD = gnu99;
				GCC_NO_COMMON_BLOCKS = YES;
				GCC_WARN_64_TO_32_BIT_CONVERSION = YES;
				GCC_WARN_ABOUT_RETURN_TYPE = YES_ERROR;
				GCC_WARN_UNDECLARED_SELECTOR = YES;
				GCC_WARN_UNINITIALIZED_AUTOS = YES_AGGRESSIVE;
				GCC_WARN_UNUSED_FUNCTION = YES;
				GCC_WARN_UNUSED_VARIABLE = YES;
				MACOSX_DEPLOYMENT_TARGET = 10.11;
				MTL_ENABLE_DEBUG_INFO = NO;
				SDKROOT = macosx;
			};
			name = Release;
		};
		96FEE81B1BDC20670082B6DA /* Debug */ = {
			isa = XCBuildConfiguration;
			buildSettings = {
				PRODUCT_NAME = "$(TARGET_NAME)";
			};
			name = Debug;
		};
		96FEE81C1BDC20670082B6DA /* Release */ = {
			isa = XCBuildConfiguration;
			buildSettings = {
				PRODUCT_NAME = "$(TARGET_NAME)";
			};
			name = Release;
		};
/* End XCBuildConfiguration section */

/* Begin XCConfigurationList section */
		96FEE80E1BDC20670082B6DA /* Build configuration list for PBXProject "Assign#03" */ = {
			isa = XCConfigurationList;
			buildConfigurations = (
				96FEE8181BDC20670082B6DA /* Debug */,
				96FEE8191BDC20670082B6DA /* Release */,
			);
			defaultConfigurationIsVisible = 0;
			defaultConfigurationName = Release;
		};
		96FEE81A1BDC20670082B6DA /* Build configuration list for PBXNativeTarget "Assign#03" */ = {
			isa = XCConfigurationList;
			buildConfigurations = (
				96FEE81B1BDC20670082B6DA /* Debug */,
				96FEE81C1BDC20670082B6DA /* Release */,
			);
			defaultConfigurationIsVisible = 0;
			defaultConfigurationName = Release;
		};
/* End XCConfigurationList section */
	};
	rootObject = 96FEE80B1BDC20670082B6DA /* Project object */;
}
